
Microsoft Visual Studio Solution File, Format Version 12.00
# Visual Studio Version 16
VisualStudioVersion = 16.0.30114.105
MinimumVisualStudioVersion = 10.0.40219.1
Project("{FAE04EC0-301F-11D3-BF4B-00C04F79EFBC}") = "SensoresAPI", "SensoresAPI\SensoresAPI.csproj", "{3B7C781F-60A5-4D70-B3DC-1D82BF3A43C7}"
EndProject
Project("{FAE04EC0-301F-11D3-BF4B-00C04F79EFBC}") = "SensoresDashboard", "SensoresDashboard\SensoresDashboard.csproj", "{80C3993B-8786-498C-8663-E8D6A59E5D0C}"
EndProject
Global
	GlobalSection(SolutionConfigurationPlatforms) = preSolution
		Debug|Any CPU = Debug|Any CPU
		Release|Any CPU = Release|Any CPU
	EndGlobalSection
	GlobalSection(ProjectConfigurationPlatforms) = postSolution
		{3B7C781F-60A5-4D70-B3DC-1D82BF3A43C7}.Debug|Any CPU.ActiveCfg = Debug|Any CPU
		{3B7C781F-60A5-4D70-B3DC-1D82BF3A43C7}.Debug|Any CPU.Build.0 = Debug|Any CPU
		{3B7C781F-60A5-4D70-B3DC-1D82BF3A43C7}.Release|Any CPU.ActiveCfg = Release|Any CPU
		{3B7C781F-60A5-4D70-B3DC-1D82BF3A43C7}.Release|Any CPU.Build.0 = Release|Any CPU
		{80C3993B-8786-498C-8663-E8D6A59E5D0C}.Debug|Any CPU.ActiveCfg = Debug|Any CPU
		{80C3993B-8786-498C-8663-E8D6A59E5D0C}.Debug|Any CPU.Build.0 = Debug|Any CPU
		{80C3993B-8786-498C-8663-E8D6A59E5D0C}.Release|Any CPU.ActiveCfg = Release|Any CPU
		{80C3993B-8786-498C-8663-E8D6A59E5D0C}.Release|Any CPU.Build.0 = Release|Any CPU
	EndGlobalSection
	GlobalSection(SolutionProperties) = preSolution
		HideSolutionNode = FALSE
	EndGlobalSection
	GlobalSection(ExtensibilityGlobals) = postSolution
		SolutionGuid = {093E1950-09CA-4968-A84B-AEE717E2573C}
	EndGlobalSection
EndGlobal
